
Microsoft Visual Studio Solution File, Format Version 12.00
# Visual Studio 14
VisualStudioVersion = 14.0.25123.0
MinimumVisualStudioVersion = 10.0.40219.1
Project("{FAE04EC0-301F-11D3-BF4B-00C04F79EFBC}") = "Abc.CacheManager", "Abc.CacheManager\Abc.CacheManager.csproj", "{09B6B4E9-CD2C-44DE-B2AB-088D0260D189}"
EndProject
Project("{FAE04EC0-301F-11D3-BF4B-00C04F79EFBC}") = "Abc.CacheManager.Redis", "Abc.CacheManager.Redis\Abc.CacheManager.Redis.csproj", "{5E6DCAB2-742D-484D-A642-62B11B6BC8BA}"
EndProject
Project("{FAE04EC0-301F-11D3-BF4B-00C04F79EFBC}") = "Abc.CacheManager.Test", "Abc.CacheManager.Test\Abc.CacheManager.Test.csproj", "{B6C71466-9A8B-4395-BD7B-C07CBD3606A9}"
EndProject
Global
	GlobalSection(SolutionConfigurationPlatforms) = preSolution
		Debug|Any CPU = Debug|Any CPU
		Release|Any CPU = Release|Any CPU
	EndGlobalSection
	GlobalSection(ProjectConfigurationPlatforms) = postSolution
		{09B6B4E9-CD2C-44DE-B2AB-088D0260D189}.Debug|Any CPU.ActiveCfg = Debug|Any CPU
		{09B6B4E9-CD2C-44DE-B2AB-088D0260D189}.Debug|Any CPU.Build.0 = Debug|Any CPU
		{09B6B4E9-CD2C-44DE-B2AB-088D0260D189}.Release|Any CPU.ActiveCfg = Release|Any CPU
		{09B6B4E9-CD2C-44DE-B2AB-088D0260D189}.Release|Any CPU.Build.0 = Release|Any CPU
		{5E6DCAB2-742D-484D-A642-62B11B6BC8BA}.Debug|Any CPU.ActiveCfg = Debug|Any CPU
		{5E6DCAB2-742D-484D-A642-62B11B6BC8BA}.Debug|Any CPU.Build.0 = Debug|Any CPU
		{5E6DCAB2-742D-484D-A642-62B11B6BC8BA}.Release|Any CPU.ActiveCfg = Release|Any CPU
		{5E6DCAB2-742D-484D-A642-62B11B6BC8BA}.Release|Any CPU.Build.0 = Release|Any CPU
		{B6C71466-9A8B-4395-BD7B-C07CBD3606A9}.Debug|Any CPU.ActiveCfg = Debug|Any CPU
		{B6C71466-9A8B-4395-BD7B-C07CBD3606A9}.Debug|Any CPU.Build.0 = Debug|Any CPU
		{B6C71466-9A8B-4395-BD7B-C07CBD3606A9}.Release|Any CPU.ActiveCfg = Release|Any CPU
		{B6C71466-9A8B-4395-BD7B-C07CBD3606A9}.Release|Any CPU.Build.0 = Release|Any CPU
	EndGlobalSection
	GlobalSection(SolutionProperties) = preSolution
		HideSolutionNode = FALSE
	EndGlobalSection
	GlobalSection(TeamFoundationVersionControl) = preSolution
		SccNumberOfProjects = 4
		SccEnterpriseProvider = {4CA58AB2-18FA-4F8D-95D4-32DDF27D184C}
		SccTeamFoundationServer = https://priyakant.visualstudio.com/
		SccLocalPath0 = .
		SccProjectUniqueName1 = Abc.CacheManager.Redis\\Abc.CacheManager.Redis.csproj
		SccProjectName1 = Abc.CacheManager.Redis
		SccLocalPath1 = Abc.CacheManager.Redis
		SccProjectUniqueName2 = Abc.CacheManager.Test\\Abc.CacheManager.Test.csproj
		SccProjectName2 = Abc.CacheManager.Test
		SccLocalPath2 = Abc.CacheManager.Test
		SccProjectUniqueName3 = Abc.CacheManager\\Abc.CacheManager.csproj
		SccProjectName3 = Abc.CacheManager
		SccLocalPath3 = Abc.CacheManager
	EndGlobalSection
EndGlobal
